
Microsoft Visual Studio Solution File, Format Version 12.00
# Visual Studio Version 16
VisualStudioVersion = 16.0.29025.244
MinimumVisualStudioVersion = 10.0.40219.1
Project("{FAE04EC0-301F-11D3-BF4B-00C04F79EFBC}") = "g", "g\g.csproj", "{D472EBBD-4F1A-4A49-A72E-ED38CA3C8236}"
EndProject
Global
	GlobalSection(SolutionConfigurationPlatforms) = preSolution
		Debug|Any CPU = Debug|Any CPU
		Release|Any CPU = Release|Any CPU
	EndGlobalSection
	GlobalSection(ProjectConfigurationPlatforms) = postSolution
		{D472EBBD-4F1A-4A49-A72E-ED38CA3C8236}.Debug|Any CPU.ActiveCfg = Debug|Any CPU
		{D472EBBD-4F1A-4A49-A72E-ED38CA3C8236}.Debug|Any CPU.Build.0 = Debug|Any CPU
		{D472EBBD-4F1A-4A49-A72E-ED38CA3C8236}.Release|Any CPU.ActiveCfg = Release|Any CPU
		{D472EBBD-4F1A-4A49-A72E-ED38CA3C8236}.Release|Any CPU.Build.0 = Release|Any CPU
	EndGlobalSection
	GlobalSection(SolutionProperties) = preSolution
		HideSolutionNode = FALSE
	EndGlobalSection
	GlobalSection(ExtensibilityGlobals) = postSolution
		SolutionGuid = {08074B25-7FEE-48F9-8885-B12A4C0E6F6B}
	EndGlobalSection
EndGlobal
